
Microsoft Visual Studio Solution File, Format Version 12.00
# Visual Studio Version 17
VisualStudioVersion = 17.1.32414.318
MinimumVisualStudioVersion = 10.0.40219.1
Project("{00D1A9C2-B5F0-4AF3-8072-F6C62B433612}") = "DbCore", "DbCore\DbCore.sqlproj", "{97349713-3ED1-4863-825D-9230061CF7C6}"
EndProject
Project("{FAE04EC0-301F-11D3-BF4B-00C04F79EFBC}") = "TestDbCore", "TestDbCore\TestDbCore.csproj", "{C2FD1656-CF20-448F-8A89-58ADAAB9A6CE}"
EndProject
Global
	GlobalSection(SolutionConfigurationPlatforms) = preSolution
		Debug|Any CPU = Debug|Any CPU
		Release|Any CPU = Release|Any CPU
	EndGlobalSection
	GlobalSection(ProjectConfigurationPlatforms) = postSolution
		{97349713-3ED1-4863-825D-9230061CF7C6}.Debug|Any CPU.ActiveCfg = Debug|Any CPU
		{97349713-3ED1-4863-825D-9230061CF7C6}.Debug|Any CPU.Build.0 = Debug|Any CPU
		{97349713-3ED1-4863-825D-9230061CF7C6}.Debug|Any CPU.Deploy.0 = Debug|Any CPU
		{97349713-3ED1-4863-825D-9230061CF7C6}.Release|Any CPU.ActiveCfg = Release|Any CPU
		{97349713-3ED1-4863-825D-9230061CF7C6}.Release|Any CPU.Build.0 = Release|Any CPU
		{97349713-3ED1-4863-825D-9230061CF7C6}.Release|Any CPU.Deploy.0 = Release|Any CPU
		{C2FD1656-CF20-448F-8A89-58ADAAB9A6CE}.Debug|Any CPU.ActiveCfg = Debug|Any CPU
		{C2FD1656-CF20-448F-8A89-58ADAAB9A6CE}.Debug|Any CPU.Build.0 = Debug|Any CPU
		{C2FD1656-CF20-448F-8A89-58ADAAB9A6CE}.Release|Any CPU.ActiveCfg = Release|Any CPU
		{C2FD1656-CF20-448F-8A89-58ADAAB9A6CE}.Release|Any CPU.Build.0 = Release|Any CPU
	EndGlobalSection
	GlobalSection(SolutionProperties) = preSolution
		HideSolutionNode = FALSE
	EndGlobalSection
	GlobalSection(ExtensibilityGlobals) = postSolution
		SolutionGuid = {C58CBBE3-0826-4D09-B230-DAB494BA76BB}
	EndGlobalSection
EndGlobal
